
Microsoft Visual Studio Solution File, Format Version 12.00
# Visual Studio Version 16
VisualStudioVersion = 16.0.31424.327
MinimumVisualStudioVersion = 10.0.40219.1
Project("{FAE04EC0-301F-11D3-BF4B-00C04F79EFBC}") = "VisorImagenes", "VisorImagenes\VisorImagenes.csproj", "{ABFEF840-C34C-43D1-BF90-D37B5A1590A9}"
EndProject
Global
	GlobalSection(SolutionConfigurationPlatforms) = preSolution
		Debug|Any CPU = Debug|Any CPU
		Release|Any CPU = Release|Any CPU
	EndGlobalSection
	GlobalSection(ProjectConfigurationPlatforms) = postSolution
		{ABFEF840-C34C-43D1-BF90-D37B5A1590A9}.Debug|Any CPU.ActiveCfg = Debug|Any CPU
		{ABFEF840-C34C-43D1-BF90-D37B5A1590A9}.Debug|Any CPU.Build.0 = Debug|Any CPU
		{ABFEF840-C34C-43D1-BF90-D37B5A1590A9}.Release|Any CPU.ActiveCfg = Release|Any CPU
		{ABFEF840-C34C-43D1-BF90-D37B5A1590A9}.Release|Any CPU.Build.0 = Release|Any CPU
	EndGlobalSection
	GlobalSection(SolutionProperties) = preSolution
		HideSolutionNode = FALSE
	EndGlobalSection
	GlobalSection(ExtensibilityGlobals) = postSolution
		SolutionGuid = {A51D2E4D-8531-4DA7-A11F-A6316D8D759C}
	EndGlobalSection
EndGlobal
